
Microsoft Visual Studio Solution File, Format Version 12.00
# Visual Studio Version 17
VisualStudioVersion = 17.14.36327.8 d17.14
MinimumVisualStudioVersion = 10.0.40219.1
Project("{FAE04EC0-301F-11D3-BF4B-00C04F79EFBC}") = "PaymentProcessor_Interface", "IPaymentProcessor\PaymentProcessor_Interface.csproj", "{DFA01ABD-6815-45C4-8DD1-DB00AB1C02CF}"
EndProject
Global
	GlobalSection(SolutionConfigurationPlatforms) = preSolution
		Debug|Any CPU = Debug|Any CPU
		Release|Any CPU = Release|Any CPU
	EndGlobalSection
	GlobalSection(ProjectConfigurationPlatforms) = postSolution
		{DFA01ABD-6815-45C4-8DD1-DB00AB1C02CF}.Debug|Any CPU.ActiveCfg = Debug|Any CPU
		{DFA01ABD-6815-45C4-8DD1-DB00AB1C02CF}.Debug|Any CPU.Build.0 = Debug|Any CPU
		{DFA01ABD-6815-45C4-8DD1-DB00AB1C02CF}.Release|Any CPU.ActiveCfg = Release|Any CPU
		{DFA01ABD-6815-45C4-8DD1-DB00AB1C02CF}.Release|Any CPU.Build.0 = Release|Any CPU
	EndGlobalSection
	GlobalSection(SolutionProperties) = preSolution
		HideSolutionNode = FALSE
	EndGlobalSection
	GlobalSection(ExtensibilityGlobals) = postSolution
		SolutionGuid = {D60F3B0C-7BAC-4BA1-B7E6-DA065589507C}
	EndGlobalSection
EndGlobal
